
Microsoft Visual Studio Solution File, Format Version 12.00
# Visual Studio Version 16
VisualStudioVersion = 16.0.31410.357
MinimumVisualStudioVersion = 10.0.40219.1
Project("{9A19103F-16F7-4668-BE54-9A1E7A4F7556}") = "Blizzless", "DiIiS-NA\Blizzless.csproj", "{535AC91E-54D1-4044-B4A5-B78AE1570EE3}"
EndProject
Project("{9A19103F-16F7-4668-BE54-9A1E7A4F7556}") = "BZNET", "DiIiSNet\BZNET.csproj", "{73D9E87F-1F75-4D94-A47B-29354B9BCF13}"
EndProject
Project("{FAE04EC0-301F-11D3-BF4B-00C04F79EFBC}") = "DiIiS.Tests", "DiIiS.Tests\DiIiS.Tests.csproj", "{3A8B7DE7-7131-4F5A-B353-70C743E6A5A3}"
EndProject
Project("{2150E333-8FDC-42A3-9474-1A3956D46DE8}") = "DiIiS-NA", "DiIiS-NA", "{F4AF1678-E94E-4D6B-1B41-CCAB7A612B2F}"
EndProject
Global
	GlobalSection(SolutionConfigurationPlatforms) = preSolution
		Debug|Any CPU = Debug|Any CPU
		Debug|x64 = Debug|x64
		Debug|x86 = Debug|x86
		github|Any CPU = github|Any CPU
		github|x64 = github|x64
		github|x86 = github|x86
		Release|Any CPU = Release|Any CPU
		Release|x64 = Release|x64
		Release|x86 = Release|x86
	EndGlobalSection
	GlobalSection(ProjectConfigurationPlatforms) = postSolution
		{535AC91E-54D1-4044-B4A5-B78AE1570EE3}.Debug|Any CPU.ActiveCfg = Debug|Any CPU
		{535AC91E-54D1-4044-B4A5-B78AE1570EE3}.Debug|Any CPU.Build.0 = Debug|Any CPU
		{535AC91E-54D1-4044-B4A5-B78AE1570EE3}.Debug|x64.ActiveCfg = Debug|Any CPU
		{535AC91E-54D1-4044-B4A5-B78AE1570EE3}.Debug|x64.Build.0 = Debug|Any CPU
		{535AC91E-54D1-4044-B4A5-B78AE1570EE3}.Debug|x86.ActiveCfg = Debug|Any CPU
		{535AC91E-54D1-4044-B4A5-B78AE1570EE3}.Debug|x86.Build.0 = Debug|Any CPU
		{535AC91E-54D1-4044-B4A5-B78AE1570EE3}.github|Any CPU.ActiveCfg = github|Any CPU
		{535AC91E-54D1-4044-B4A5-B78AE1570EE3}.github|Any CPU.Build.0 = github|Any CPU
		{535AC91E-54D1-4044-B4A5-B78AE1570EE3}.github|x64.ActiveCfg = github|Any CPU
		{535AC91E-54D1-4044-B4A5-B78AE1570EE3}.github|x64.Build.0 = github|Any CPU
		{535AC91E-54D1-4044-B4A5-B78AE1570EE3}.github|x86.ActiveCfg = github|Any CPU
		{535AC91E-54D1-4044-B4A5-B78AE1570EE3}.github|x86.Build.0 = github|Any CPU
		{535AC91E-54D1-4044-B4A5-B78AE1570EE3}.Release|Any CPU.ActiveCfg = Release|Any CPU
		{535AC91E-54D1-4044-B4A5-B78AE1570EE3}.Release|Any CPU.Build.0 = Release|Any CPU
		{535AC91E-54D1-4044-B4A5-B78AE1570EE3}.Release|x64.ActiveCfg = Release|Any CPU
		{535AC91E-54D1-4044-B4A5-B78AE1570EE3}.Release|x64.Build.0 = Release|Any CPU
		{535AC91E-54D1-4044-B4A5-B78AE1570EE3}.Release|x86.ActiveCfg = Release|Any CPU
		{535AC91E-54D1-4044-B4A5-B78AE1570EE3}.Release|x86.Build.0 = Release|Any CPU
		{73D9E87F-1F75-4D94-A47B-29354B9BCF13}.Debug|Any CPU.ActiveCfg = Debug|Any CPU
		{73D9E87F-1F75-4D94-A47B-29354B9BCF13}.Debug|Any CPU.Build.0 = Debug|Any CPU
		{73D9E87F-1F75-4D94-A47B-29354B9BCF13}.Debug|x64.ActiveCfg = Debug|Any CPU
		{73D9E87F-1F75-4D94-A47B-29354B9BCF13}.Debug|x64.Build.0 = Debug|Any CPU
		{73D9E87F-1F75-4D94-A47B-29354B9BCF13}.Debug|x86.ActiveCfg = Debug|Any CPU
		{73D9E87F-1F75-4D94-A47B-29354B9BCF13}.Debug|x86.Build.0 = Debug|Any CPU
		{73D9E87F-1F75-4D94-A47B-29354B9BCF13}.github|Any CPU.ActiveCfg = github|Any CPU
		{73D9E87F-1F75-4D94-A47B-29354B9BCF13}.github|Any CPU.Build.0 = github|Any CPU
		{73D9E87F-1F75-4D94-A47B-29354B9BCF13}.github|x64.ActiveCfg = github|Any CPU
		{73D9E87F-1F75-4D94-A47B-29354B9BCF13}.github|x64.Build.0 = github|Any CPU
		{73D9E87F-1F75-4D94-A47B-29354B9BCF13}.github|x86.ActiveCfg = github|Any CPU
		{73D9E87F-1F75-4D94-A47B-29354B9BCF13}.github|x86.Build.0 = github|Any CPU
		{73D9E87F-1F75-4D94-A47B-29354B9BCF13}.Release|Any CPU.ActiveCfg = Release|Any CPU
		{73D9E87F-1F75-4D94-A47B-29354B9BCF13}.Release|Any CPU.Build.0 = Release|Any CPU
		{73D9E87F-1F75-4D94-A47B-29354B9BCF13}.Release|x64.ActiveCfg = Release|Any CPU
		{73D9E87F-1F75-4D94-A47B-29354B9BCF13}.Release|x64.Build.0 = Release|Any CPU
		{73D9E87F-1F75-4D94-A47B-29354B9BCF13}.Release|x86.ActiveCfg = Release|Any CPU
		{73D9E87F-1F75-4D94-A47B-29354B9BCF13}.Release|x86.Build.0 = Release|Any CPU
		{3A8B7DE7-7131-4F5A-B353-70C743E6A5A3}.Debug|Any CPU.ActiveCfg = Debug|Any CPU
		{3A8B7DE7-7131-4F5A-B353-70C743E6A5A3}.Debug|Any CPU.Build.0 = Debug|Any CPU
		{3A8B7DE7-7131-4F5A-B353-70C743E6A5A3}.Debug|x64.ActiveCfg = Debug|Any CPU
		{3A8B7DE7-7131-4F5A-B353-70C743E6A5A3}.Debug|x64.Build.0 = Debug|Any CPU
		{3A8B7DE7-7131-4F5A-B353-70C743E6A5A3}.Debug|x86.ActiveCfg = Debug|Any CPU
		{3A8B7DE7-7131-4F5A-B353-70C743E6A5A3}.Debug|x86.Build.0 = Debug|Any CPU
		{3A8B7DE7-7131-4F5A-B353-70C743E6A5A3}.github|Any CPU.ActiveCfg = Debug|Any CPU
		{3A8B7DE7-7131-4F5A-B353-70C743E6A5A3}.github|Any CPU.Build.0 = Debug|Any CPU
		{3A8B7DE7-7131-4F5A-B353-70C743E6A5A3}.github|x64.ActiveCfg = Debug|Any CPU
		{3A8B7DE7-7131-4F5A-B353-70C743E6A5A3}.github|x64.Build.0 = Debug|Any CPU
		{3A8B7DE7-7131-4F5A-B353-70C743E6A5A3}.github|x86.ActiveCfg = Debug|Any CPU
		{3A8B7DE7-7131-4F5A-B353-70C743E6A5A3}.github|x86.Build.0 = Debug|Any CPU
		{3A8B7DE7-7131-4F5A-B353-70C743E6A5A3}.Release|Any CPU.ActiveCfg = Release|Any CPU
		{3A8B7DE7-7131-4F5A-B353-70C743E6A5A3}.Release|Any CPU.Build.0 = Release|Any CPU
		{3A8B7DE7-7131-4F5A-B353-70C743E6A5A3}.Release|x64.ActiveCfg = Release|Any CPU
		{3A8B7DE7-7131-4F5A-B353-70C743E6A5A3}.Release|x64.Build.0 = Release|Any CPU
		{3A8B7DE7-7131-4F5A-B353-70C743E6A5A3}.Release|x86.ActiveCfg = Release|Any CPU
		{3A8B7DE7-7131-4F5A-B353-70C743E6A5A3}.Release|x86.Build.0 = Release|Any CPU
	EndGlobalSection
	GlobalSection(SolutionProperties) = preSolution
		HideSolutionNode = FALSE
	EndGlobalSection
	GlobalSection(ExtensibilityGlobals) = postSolution
		SolutionGuid = {20C6ADD1-DDE9-4A25-8C51-B27C47164D5B}
	EndGlobalSection
EndGlobal
